
Microsoft Visual Studio Solution File, Format Version 12.00
# Visual Studio Version 17
VisualStudioVersion = 17.4.33205.214
MinimumVisualStudioVersion = 10.0.40219.1
Project("{FAE04EC0-301F-11D3-BF4B-00C04F79EFBC}") = "IP Changer", "ChangeIP\IP Changer.csproj", "{0B7109DC-DA2E-49C5-84AC-533F52AD195F}"
EndProject
Global
	GlobalSection(SolutionConfigurationPlatforms) = preSolution
		Debug|Any CPU = Debug|Any CPU
		Release|Any CPU = Release|Any CPU
	EndGlobalSection
	GlobalSection(ProjectConfigurationPlatforms) = postSolution
		{0B7109DC-DA2E-49C5-84AC-533F52AD195F}.Debug|Any CPU.ActiveCfg = Debug|Any CPU
		{0B7109DC-DA2E-49C5-84AC-533F52AD195F}.Debug|Any CPU.Build.0 = Debug|Any CPU
		{0B7109DC-DA2E-49C5-84AC-533F52AD195F}.Release|Any CPU.ActiveCfg = Release|Any CPU
		{0B7109DC-DA2E-49C5-84AC-533F52AD195F}.Release|Any CPU.Build.0 = Release|Any CPU
	EndGlobalSection
	GlobalSection(SolutionProperties) = preSolution
		HideSolutionNode = FALSE
	EndGlobalSection
	GlobalSection(ExtensibilityGlobals) = postSolution
		SolutionGuid = {74D8D4D8-5DA3-4C49-A9CD-D97663C3D4E9}
	EndGlobalSection
EndGlobal
